// !$*UTF8*$!
{
	archiveVersion = 1;
	classes = {
	};
	objectVersion = 50;
	objects = {

/* Begin PBXBuildFile section */
		FA1AF7CF2289477A008AC477 /* AppDelegate.m in Sources */ = {isa = PBXBuildFile; fileRef = FA1AF7CE2289477A008AC477 /* AppDelegate.m */; };
		FA1AF7D22289477A008AC477 /* ViewController.m in Sources */ = {isa = PBXBuildFile; fileRef = FA1AF7D12289477A008AC477 /* ViewController.m */; };
		FA1AF7D52289477A008AC477 /* Main.storyboard in Resources */ = {isa = PBXBuildFile; fileRef = FA1AF7D32289477A008AC477 /* Main.storyboard */; };
		FA1AF7D72289477B008AC477 /* Assets.xcassets in Resources */ = {isa = PBXBuildFile; fileRef = FA1AF7D62289477B008AC477 /* Assets.xcassets */; };
		FA1AF7DA2289477B008AC477 /* LaunchScreen.storyboard in Resources */ = {isa = PBXBuildFile; fileRef = FA1AF7D82289477B008AC477 /* LaunchScreen.storyboard */; };
		FA1AF7DD2289477B008AC477 /* main.m in Sources */ = {isa = PBXBuildFile; fileRef = FA1AF7DC2289477B008AC477 /* main.m */; };
		FA1AF7E72289477D008AC477 /* FirstDemoOCTests.m in Sources */ = {isa = PBXBuildFile; fileRef = FA1AF7E62289477D008AC477 /* FirstDemoOCTests.m */; };
		FA1AF7F22289477D008AC477 /* FirstDemoOCUITests.m in Sources */ = {isa = PBXBuildFile; fileRef = FA1AF7F12289477D008AC477 /* FirstDemoOCUITests.m */; };
/* End PBXBuildFile section */

/* Begin PBXContainerItemProxy section */
		FA1AF7E32289477D008AC477 /* PBXContainerItemProxy */ = {
			isa = PBXContainerItemProxy;
			containerPortal = FA1AF7C22289477A008AC477 /* Project object */;
			proxyType = 1;
			remoteGlobalIDString = FA1AF7C92289477A008AC477;
			remoteInfo = FirstDemoOC;
		};
		FA1AF7EE2289477D008AC477 /* PBXContainerItemProxy */ = {
			isa = PBXContainerItemProxy;
			containerPortal = FA1AF7C22289477A008AC477 /* Project object */;
			proxyType = 1;
			remoteGlobalIDString = FA1AF7C92289477A008AC477;
			remoteInfo = FirstDemoOC;
		};
/* End PBXContainerItemProxy section */

/* Begin PBXFileReference section */
		FA1AF7CA2289477A008AC477 /* FirstDemoOC.app */ = {isa = PBXFileReference; explicitFileType = wrapper.application; includeInIndex = 0; path = FirstDemoOC.app; sourceTree = BUILT_PRODUCTS_DIR; };
		FA1AF7CD2289477A008AC477 /* AppDelegate.h */ = {isa = PBXFileReference; lastKnownFileType = sourcecode.c.h; path = AppDelegate.h; sourceTree = "<group>"; };
		FA1AF7CE2289477A008AC477 /* AppDelegate.m */ = {isa = PBXFileReference; lastKnownFileType = sourcecode.c.objc; path = AppDelegate.m; sourceTree = "<group>"; };
		FA1AF7D02289477A008AC477 /* ViewController.h */ = {isa = PBXFileReference; lastKnownFileType = sourcecode.c.h; path = ViewController.h; sourceTree = "<group>"; };
		FA1AF7D12289477A008AC477 /* ViewController.m */ = {isa = PBXFileReference; lastKnownFileType = sourcecode.c.objc; path = ViewController.m; sourceTree = "<group>"; };
		FA1AF7D42289477A008AC477 /* Base */ = {isa = PBXFileReference; lastKnownFileType = file.storyboard; name = Base; path = Base.lproj/Main.storyboard; sourceTree = "<group>"; };
		FA1AF7D62289477B008AC477 /* Assets.xcassets */ = {isa = PBXFileReference; lastKnownFileType = folder.assetcatalog; path = Assets.xcassets; sourceTree = "<group>"; };
		FA1AF7D92289477B008AC477 /* Base */ = {isa = PBXFileReference; lastKnownFileType = file.storyboard; name = Base; path = Base.lproj/LaunchScreen.storyboard; sourceTree = "<group>"; };
		FA1AF7DB2289477B008AC477 /* Info.plist */ = {isa = PBXFileReference; lastKnownFileType = text.plist.xml; path = Info.plist; sourceTree = "<group>"; };
		FA1AF7DC2289477B008AC477 /* main.m */ = {isa = PBXFileReference; lastKnownFileType = sourcecode.c.objc; path = main.m; sourceTree = "<group>"; };
		FA1AF7E22289477D008AC477 /* FirstDemoOCTests.xctest */ = {isa = PBXFileReference; explicitFileType = wrapper.cfbundle; includeInIndex = 0; path = FirstDemoOCTests.xctest; sourceTree = BUILT_PRODUCTS_DIR; };
		FA1AF7E62289477D008AC477 /* FirstDemoOCTests.m */ = {isa = PBXFileReference; lastKnownFileType = sourcecode.c.objc; path = FirstDemoOCTests.m; sourceTree = "<group>"; };
		FA1AF7E82289477D008AC477 /* Info.plist */ = {isa = PBXFileReference; lastKnownFileType = text.plist.xml; path = Info.plist; sourceTree = "<group>"; };
		FA1AF7ED2289477D008AC477 /* FirstDemoOCUITests.xctest */ = {isa = PBXFileReference; explicitFileType = wrapper.cfbundle; includeInIndex = 0; path = FirstDemoOCUITests.xctest; sourceTree = BUILT_PRODUCTS_DIR; };
		FA1AF7F12289477D008AC477 /* FirstDemoOCUITests.m */ = {isa = PBXFileReference; lastKnownFileType = sourcecode.c.objc; path = FirstDemoOCUITests.m; sourceTree = "<group>"; };
		FA1AF7F32289477D008AC477 /* Info.plist */ = {isa = PBXFileReference; lastKnownFileType = text.plist.xml; path = Info.plist; sourceTree = "<group>"; };
/* End PBXFileReference section */

/* Begin PBXFrameworksBuildPhase section */
		FA1AF7C72289477A008AC477 /* Frameworks */ = {
			isa = PBXFrameworksBuildPhase;
			buildActionMask = 2147483647;
			files = (
			);
			runOnlyForDeploymentPostprocessing = 0;
		};
		FA1AF7DF2289477D008AC477 /* Frameworks */ = {
			isa = PBXFrameworksBuildPhase;
			buildActionMask = 2147483647;
			files = (
			);
			runOnlyForDeploymentPostprocessing = 0;
		};
		FA1AF7EA2289477D008AC477 /* Frameworks */ = {
			isa = PBXFrameworksBuildPhase;
			buildActionMask = 2147483647;
			files = (
			);
			runOnlyForDeploymentPostprocessing = 0;
		};
/* End PBXFrameworksBuildPhase section */

/* Begin PBXGroup section */
		FA1AF7C12289477A008AC477 = {
			isa = PBXGroup;
			children = (
				FA1AF7CC2289477A008AC477 /* FirstDemoOC */,
				FA1AF7E52289477D008AC477 /* FirstDemoOCTests */,
				FA1AF7F02289477D008AC477 /* FirstDemoOCUITests */,
				FA1AF7CB2289477A008AC477 /* Products */,
			);
			sourceTree = "<group>";
		};
		FA1AF7CB2289477A008AC477 /* Products */ = {
			isa = PBXGroup;
			children = (
				FA1AF7CA2289477A008AC477 /* FirstDemoOC.app */,
				FA1AF7E22289477D008AC477 /* FirstDemoOCTests.xctest */,
				FA1AF7ED2289477D008AC477 /* FirstDemoOCUITests.xctest */,
			);
			name = Products;
			sourceTree = "<group>";
		};
		FA1AF7CC2289477A008AC477 /* FirstDemoOC */ = {
			isa = PBXGroup;
			children = (
				FA1AF7CD2289477A008AC477 /* AppDelegate.h */,
				FA1AF7CE2289477A008AC477 /* AppDelegate.m */,
				FA1AF7D02289477A008AC477 /* ViewController.h */,
				FA1AF7D12289477A008AC477 /* ViewController.m */,
				FA1AF7D32289477A008AC477 /* Main.storyboard */,
				FA1AF7D62289477B008AC477 /* Assets.xcassets */,
				FA1AF7D82289477B008AC477 /* LaunchScreen.storyboard */,
				FA1AF7DB2289477B008AC477 /* Info.plist */,
				FA1AF7DC2289477B008AC477 /* main.m */,
			);
			path = FirstDemoOC;
			sourceTree = "<group>";
		};
		FA1AF7E52289477D008AC477 /* FirstDemoOCTests */ = {
			isa = PBXGroup;
			children = (
				FA1AF7E62289477D008AC477 /* FirstDemoOCTests.m */,
				FA1AF7E82289477D008AC477 /* Info.plist */,
			);
			path = FirstDemoOCTests;
			sourceTree = "<group>";
		};
		FA1AF7F02289477D008AC477 /* FirstDemoOCUITests */ = {
			isa = PBXGroup;
			children = (
				FA1AF7F12289477D008AC477 /* FirstDemoOCUITests.m */,
				FA1AF7F32289477D008AC477 /* Info.plist */,
			);
			path = FirstDemoOCUITests;
			sourceTree = "<group>";
		};
/* End PBXGroup section */

/* Begin PBXNativeTarget section */
		FA1AF7C92289477A008AC477 /* FirstDemoOC */ = {
			isa = PBXNativeTarget;
			buildConfigurationList = FA1AF7F62289477D008AC477 /* Build configuration list for PBXNativeTarget "FirstDemoOC" */;
			buildPhases = (
				FA1AF7C62289477A008AC477 /* Sources */,
				FA1AF7C72289477A008AC477 /* Frameworks */,
				FA1AF7C82289477A008AC477 /* Resources */,
			);
			buildRules = (
			);
			dependencies = (
			);
			name = FirstDemoOC;
			productName = FirstDemoOC;
			productReference = FA1AF7CA2289477A008AC477 /* FirstDemoOC.app */;
			productType = "com.apple.product-type.application";
		};
		FA1AF7E12289477D008AC477 /* FirstDemoOCTests */ = {
			isa = PBXNativeTarget;
			buildConfigurationList = FA1AF7F92289477D008AC477 /* Build configuration list for PBXNativeTarget "FirstDemoOCTests" */;
			buildPhases = (
				FA1AF7DE2289477D008AC477 /* Sources */,
				FA1AF7DF2289477D008AC477 /* Frameworks */,
				FA1AF7E02289477D008AC477 /* Resources */,
			);
			buildRules = (
			);
			dependencies = (
				FA1AF7E42289477D008AC477 /* PBXTargetDependency */,
			);
			name = FirstDemoOCTests;
			productName = FirstDemoOCTests;
			productReference = FA1AF7E22289477D008AC477 /* FirstDemoOCTests.xctest */;
			productType = "com.apple.product-type.bundle.unit-test";
		};
		FA1AF7EC2289477D008AC477 /* FirstDemoOCUITests */ = {
			isa = PBXNativeTarget;
			buildConfigurationList = FA1AF7FC2289477D008AC477 /* Build configuration list for PBXNativeTarget "FirstDemoOCUITests" */;
			buildPhases = (
				FA1AF7E92289477D008AC477 /* Sources */,
				FA1AF7EA2289477D008AC477 /* Frameworks */,
				FA1AF7EB2289477D008AC477 /* Resources */,
			);
			buildRules = (
			);
			dependencies = (
				FA1AF7EF2289477D008AC477 /* PBXTargetDependency */,
			);
			name = FirstDemoOCUITests;
			productName = FirstDemoOCUITests;
			productReference = FA1AF7ED2289477D008AC477 /* FirstDemoOCUITests.xctest */;
			productType = "com.apple.product-type.bundle.ui-testing";
		};
/* End PBXNativeTarget section */

/* Begin PBXProject section */
		FA1AF7C22289477A008AC477 /* Project object */ = {
			isa = PBXProject;
			attributes = {
				LastUpgradeCheck = 1010;
				ORGANIZATIONNAME = liepin;
				TargetAttributes = {
					FA1AF7C92289477A008AC477 = {
						CreatedOnToolsVersion = 10.1;
					};
					FA1AF7E12289477D008AC477 = {
						CreatedOnToolsVersion = 10.1;
						TestTargetID = FA1AF7C92289477A008AC477;
					};
					FA1AF7EC2289477D008AC477 = {
						CreatedOnToolsVersion = 10.1;
						TestTargetID = FA1AF7C92289477A008AC477;
					};
				};
			};
			buildConfigurationList = FA1AF7C52289477A008AC477 /* Build configuration list for PBXProject "FirstDemoOC" */;
			compatibilityVersion = "Xcode 9.3";
			developmentRegion = en;
			hasScannedForEncodings = 0;
			knownRegions = (
				en,
				Base,
			);
			mainGroup = FA1AF7C12289477A008AC477;
			productRefGroup = FA1AF7CB2289477A008AC477 /* Products */;
			projectDirPath = "";
			projectRoot = "";
			targets = (
				FA1AF7C92289477A008AC477 /* FirstDemoOC */,
				FA1AF7E12289477D008AC477 /* FirstDemoOCTests */,
				FA1AF7EC2289477D008AC477 /* FirstDemoOCUITests */,
			);
		};
/* End PBXProject section */

/* Begin PBXResourcesBuildPhase section */
		FA1AF7C82289477A008AC477 /* Resources */ = {
			isa = PBXResourcesBuildPhase;
			buildActionMask = 2147483647;
			files = (
				FA1AF7DA2289477B008AC477 /* LaunchScreen.storyboard in Resources */,
				FA1AF7D72289477B008AC477 /* Assets.xcassets in Resources */,
				FA1AF7D52289477A008AC477 /* Main.storyboard in Resources */,
			);
			runOnlyForDeploymentPostprocessing = 0;
		};
		FA1AF7E02289477D008AC477 /* Resources */ = {
			isa = PBXResourcesBuildPhase;
			buildActionMask = 2147483647;
			files = (
			);
			runOnlyForDeploymentPostprocessing = 0;
		};
		FA1AF7EB2289477D008AC477 /* Resources */ = {
			isa = PBXResourcesBuildPhase;
			buildActionMask = 2147483647;
			files = (
			);
			runOnlyForDeploymentPostprocessing = 0;
		};
/* End PBXResourcesBuildPhase section */

/* Begin PBXSourcesBuildPhase section */
		FA1AF7C62289477A008AC477 /* Sources */ = {
			isa = PBXSourcesBuildPhase;
			buildActionMask = 2147483647;
			files = (
				FA1AF7D22289477A008AC477 /* ViewController.m in Sources */,
				FA1AF7DD2289477B008AC477 /* main.m in Sources */,
				FA1AF7CF2289477A008AC477 /* AppDelegate.m in Sources */,
			);
			runOnlyForDeploymentPostprocessing = 0;
		};
		FA1AF7DE2289477D008AC477 /* Sources */ = {
			isa = PBXSourcesBuildPhase;
			buildActionMask = 2147483647;
			files = (
				FA1AF7E72289477D008AC477 /* FirstDemoOCTests.m in Sources */,
			);
			runOnlyForDeploymentPostprocessing = 0;
		};
		FA1AF7E92289477D008AC477 /* Sources */ = {
			isa = PBXSourcesBuildPhase;
			buildActionMask = 2147483647;
			files = (
				FA1AF7F22289477D008AC477 /* FirstDemoOCUITests.m in Sources */,
			);
			runOnlyForDeploymentPostprocessing = 0;
		};
/* End PBXSourcesBuildPhase section */

/* Begin PBXTargetDependency section */
		FA1AF7E42289477D008AC477 /* PBXTargetDependency */ = {
			isa = PBXTargetDependency;
			target = FA1AF7C92289477A008AC477 /* FirstDemoOC */;
			targetProxy = FA1AF7E32289477D008AC477 /* PBXContainerItemProxy */;
		};
		FA1AF7EF2289477D008AC477 /* PBXTargetDependency */ = {
			isa = PBXTargetDependency;
			target = FA1AF7C92289477A008AC477 /* FirstDemoOC */;
			targetProxy = FA1AF7EE2289477D008AC477 /* PBXContainerItemProxy */;
		};
/* End PBXTargetDependency section */

/* Begin PBXVariantGroup section */
		FA1AF7D32289477A008AC477 /* Main.storyboard */ = {
			isa = PBXVariantGroup;
			children = (
				FA1AF7D42289477A008AC477 /* Base */,
			);
			name = Main.storyboard;
			sourceTree = "<group>";
		};
		FA1AF7D82289477B008AC477 /* LaunchScreen.storyboard */ = {
			isa = PBXVariantGroup;
			children = (
				FA1AF7D92289477B008AC477 /* Base */,
			);
			name = LaunchScreen.storyboard;
			sourceTree = "<group>";
		};
/* End PBXVariantGroup section */

/* Begin XCBuildConfiguration section */
		FA1AF7F42289477D008AC477 /* Debug */ = {
			isa = XCBuildConfiguration;
			buildSettings = {
				ALWAYS_SEARCH_USER_PATHS = NO;
				CLANG_ANALYZER_NONNULL = YES;
				CLANG_ANALYZER_NUMBER_OBJECT_CONVERSION = YES_AGGRESSIVE;
				CLANG_CXX_LANGUAGE_STANDARD = "gnu++14";
				CLANG_CXX_LIBRARY = "libc++";
				CLANG_ENABLE_MODULES = YES;
				CLANG_ENABLE_OBJC_ARC = YES;
				CLANG_ENABLE_OBJC_WEAK = YES;
				CLANG_WARN_BLOCK_CAPTURE_AUTORELEASING = YES;
				CLANG_WARN_BOOL_CONVERSION = YES;
				CLANG_WARN_COMMA = YES;
				CLANG_WARN_CONSTANT_CONVERSION = YES;
				CLANG_WARN_DEPRECATED_OBJC_IMPLEMENTATIONS = YES;
				CLANG_WARN_DIRECT_OBJC_ISA_USAGE = YES_ERROR;
				CLANG_WARN_DOCUMENTATION_COMMENTS = YES;
				CLANG_WARN_EMPTY_BODY = YES;
				CLANG_WARN_ENUM_CONVERSION = YES;
				CLANG_WARN_INFINITE_RECURSION = YES;
				CLANG_WARN_INT_CONVERSION = YES;
				CLANG_WARN_NON_LITERAL_NULL_CONVERSION = YES;
				CLANG_WARN_OBJC_IMPLICIT_RETAIN_SELF = YES;
				CLANG_WARN_OBJC_LITERAL_CONVERSION = YES;
				CLANG_WARN_OBJC_ROOT_CLASS = YES_ERROR;
				CLANG_WARN_RANGE_LOOP_ANALYSIS = YES;
				CLANG_WARN_STRICT_PROTOTYPES = YES;
				CLANG_WARN_SUSPICIOUS_MOVE = YES;
				CLANG_WARN_UNGUARDED_AVAILABILITY = YES_AGGRESSIVE;
				CLANG_WARN_UNREACHABLE_CODE = YES;
				CLANG_WARN__DUPLICATE_METHOD_MATCH = YES;
				CODE_SIGN_IDENTITY = "iPhone Developer";
				COPY_PHASE_STRIP = NO;
				DEBUG_INFORMATION_FORMAT = dwarf;
				ENABLE_STRICT_OBJC_MSGSEND = YES;
				ENABLE_TESTABILITY = YES;
				GCC_C_LANGUAGE_STANDARD = gnu11;
				GCC_DYNAMIC_NO_PIC = NO;
				GCC_NO_COMMON_BLOCKS = YES;
				GCC_OPTIMIZATION_LEVEL = 0;
				GCC_PREPROCESSOR_DEFINITIONS = (
					"DEBUG=1",
					"$(inherited)",
				);
				GCC_WARN_64_TO_32_BIT_CONVERSION = YES;
				GCC_WARN_ABOUT_RETURN_TYPE = YES_ERROR;
				GCC_WARN_UNDECLARED_SELECTOR = YES;
				GCC_WARN_UNINITIALIZED_AUTOS = YES_AGGRESSIVE;
				GCC_WARN_UNUSED_FUNCTION = YES;
				GCC_WARN_UNUSED_VARIABLE = YES;
				IPHONEOS_DEPLOYMENT_TARGET = 12.1;
				MTL_ENABLE_DEBUG_INFO = INCLUDE_SOURCE;
				MTL_FAST_MATH = YES;
				ONLY_ACTIVE_ARCH = YES;
				SDKROOT = iphoneos;
			};
			name = Debug;
		};
		FA1AF7F52289477D008AC477 /* Release */ = {
			isa = XCBuildConfiguration;
			buildSettings = {
				ALWAYS_SEARCH_USER_PATHS = NO;
				CLANG_ANALYZER_NONNULL = YES;
				CLANG_ANALYZER_NUMBER_OBJECT_CONVERSION = YES_AGGRESSIVE;
				CLANG_CXX_LANGUAGE_STANDARD = "gnu++14";
				CLANG_CXX_LIBRARY = "libc++";
				CLANG_ENABLE_MODULES = YES;
				CLANG_ENABLE_OBJC_ARC = YES;
				CLANG_ENABLE_OBJC_WEAK = YES;
				CLANG_WARN_BLOCK_CAPTURE_AUTORELEASING = YES;
				CLANG_WARN_BOOL_CONVERSION = YES;
				CLANG_WARN_COMMA = YES;
				CLANG_WARN_CONSTANT_CONVERSION = YES;
				CLANG_WARN_DEPRECATED_OBJC_IMPLEMENTATIONS = YES;
				CLANG_WARN_DIRECT_OBJC_ISA_USAGE = YES_ERROR;
				CLANG_WARN_DOCUMENTATION_COMMENTS = YES;
				CLANG_WARN_EMPTY_BODY = YES;
				CLANG_WARN_ENUM_CONVERSION = YES;
				CLANG_WARN_INFINITE_RECURSION = YES;
				CLANG_WARN_INT_CONVERSION = YES;
				CLANG_WARN_NON_LITERAL_NULL_CONVERSION = YES;
				CLANG_WARN_OBJC_IMPLICIT_RETAIN_SELF = YES;
				CLANG_WARN_OBJC_LITERAL_CONVERSION = YES;
				CLANG_WARN_OBJC_ROOT_CLASS = YES_ERROR;
				CLANG_WARN_RANGE_LOOP_ANALYSIS = YES;
				CLANG_WARN_STRICT_PROTOTYPES = YES;
				CLANG_WARN_SUSPICIOUS_MOVE = YES;
				CLANG_WARN_UNGUARDED_AVAILABILITY = YES_AGGRESSIVE;
				CLANG_WARN_UNREACHABLE_CODE = YES;
				CLANG_WARN__DUPLICATE_METHOD_MATCH = YES;
				CODE_SIGN_IDENTITY = "iPhone Developer";
				COPY_PHASE_STRIP = NO;
				DEBUG_INFORMATION_FORMAT = "dwarf-with-dsym";
				ENABLE_NS_ASSERTIONS = NO;
				ENABLE_STRICT_OBJC_MSGSEND = YES;
				GCC_C_LANGUAGE_STANDARD = gnu11;
				GCC_NO_COMMON_BLOCKS = YES;
				GCC_WARN_64_TO_32_BIT_CONVERSION = YES;
				GCC_WARN_ABOUT_RETURN_TYPE = YES_ERROR;
				GCC_WARN_UNDECLARED_SELECTOR = YES;
				GCC_WARN_UNINITIALIZED_AUTOS = YES_AGGRESSIVE;
				GCC_WARN_UNUSED_FUNCTION = YES;
				GCC_WARN_UNUSED_VARIABLE = YES;
				IPHONEOS_DEPLOYMENT_TARGET = 12.1;
				MTL_ENABLE_DEBUG_INFO = NO;
				MTL_FAST_MATH = YES;
				SDKROOT = iphoneos;
				VALIDATE_PRODUCT = YES;
			};
			name = Release;
		};
		FA1AF7F72289477D008AC477 /* Debug */ = {
			isa = XCBuildConfiguration;
			buildSettings = {
				ASSETCATALOG_COMPILER_APPICON_NAME = AppIcon;
				CODE_SIGN_STYLE = Automatic;
				INFOPLIST_FILE = FirstDemoOC/Info.plist;
				LD_RUNPATH_SEARCH_PATHS = (
					"$(inherited)",
					"@executable_path/Frameworks",
				);
				PRODUCT_BUNDLE_IDENTIFIER = liepin.FirstDemoOC;
				PRODUCT_NAME = "$(TARGET_NAME)";
				TARGETED_DEVICE_FAMILY = "1,2";
			};
			name = Debug;
		};
		FA1AF7F82289477D008AC477 /* Release */ = {
			isa = XCBuildConfiguration;
			buildSettings = {
				ASSETCATALOG_COMPILER_APPICON_NAME = AppIcon;
				CODE_SIGN_STYLE = Automatic;
				INFOPLIST_FILE = FirstDemoOC/Info.plist;
				LD_RUNPATH_SEARCH_PATHS = (
					"$(inherited)",
					"@executable_path/Frameworks",
				);
				PRODUCT_BUNDLE_IDENTIFIER = liepin.FirstDemoOC;
				PRODUCT_NAME = "$(TARGET_NAME)";
				TARGETED_DEVICE_FAMILY = "1,2";
			};
			name = Release;
		};
		FA1AF7FA2289477D008AC477 /* Debug */ = {
			isa = XCBuildConfiguration;
			buildSettings = {
				BUNDLE_LOADER = "$(TEST_HOST)";
				CODE_SIGN_STYLE = Automatic;
				INFOPLIST_FILE = FirstDemoOCTests/Info.plist;
				LD_RUNPATH_SEARCH_PATHS = (
					"$(inherited)",
					"@executable_path/Frameworks",
					"@loader_path/Frameworks",
				);
				PRODUCT_BUNDLE_IDENTIFIER = liepin.FirstDemoOCTests;
				PRODUCT_NAME = "$(TARGET_NAME)";
				TARGETED_DEVICE_FAMILY = "1,2";
				TEST_HOST = "$(BUILT_PRODUCTS_DIR)/FirstDemoOC.app/FirstDemoOC";
			};
			name = Debug;
		};
		FA1AF7FB2289477D008AC477 /* Release */ = {
			isa = XCBuildConfiguration;
			buildSettings = {
				BUNDLE_LOADER = "$(TEST_HOST)";
				CODE_SIGN_STYLE = Automatic;
				INFOPLIST_FILE = FirstDemoOCTests/Info.plist;
				LD_RUNPATH_SEARCH_PATHS = (
					"$(inherited)",
					"@executable_path/Frameworks",
					"@loader_path/Frameworks",
				);
				PRODUCT_BUNDLE_IDENTIFIER = liepin.FirstDemoOCTests;
				PRODUCT_NAME = "$(TARGET_NAME)";
				TARGETED_DEVICE_FAMILY = "1,2";
				TEST_HOST = "$(BUILT_PRODUCTS_DIR)/FirstDemoOC.app/FirstDemoOC";
			};
			name = Release;
		};
		FA1AF7FD2289477D008AC477 /* Debug */ = {
			isa = XCBuildConfiguration;
			buildSettings = {
				CODE_SIGN_STYLE = Automatic;
				INFOPLIST_FILE = FirstDemoOCUITests/Info.plist;
				LD_RUNPATH_SEARCH_PATHS = (
					"$(inherited)",
					"@executable_path/Frameworks",
					"@loader_path/Frameworks",
				);
				PRODUCT_BUNDLE_IDENTIFIER = liepin.FirstDemoOCUITests;
				PRODUCT_NAME = "$(TARGET_NAME)";
				TARGETED_DEVICE_FAMILY = "1,2";
				TEST_TARGET_NAME = FirstDemoOC;
			};
			name = Debug;
		};
		FA1AF7FE2289477D008AC477 /* Release */ = {
			isa = XCBuildConfiguration;
			buildSettings = {
				CODE_SIGN_STYLE = Automatic;
				INFOPLIST_FILE = FirstDemoOCUITests/Info.plist;
				LD_RUNPATH_SEARCH_PATHS = (
					"$(inherited)",
					"@executable_path/Frameworks",
					"@loader_path/Frameworks",
				);
				PRODUCT_BUNDLE_IDENTIFIER = liepin.FirstDemoOCUITests;
				PRODUCT_NAME = "$(TARGET_NAME)";
				TARGETED_DEVICE_FAMILY = "1,2";
				TEST_TARGET_NAME = FirstDemoOC;
			};
			name = Release;
		};
/* End XCBuildConfiguration section */

/* Begin XCConfigurationList section */
		FA1AF7C52289477A008AC477 /* Build configuration list for PBXProject "FirstDemoOC" */ = {
			isa = XCConfigurationList;
			buildConfigurations = (
				FA1AF7F42289477D008AC477 /* Debug */,
				FA1AF7F52289477D008AC477 /* Release */,
			);
			defaultConfigurationIsVisible = 0;
			defaultConfigurationName = Release;
		};
		FA1AF7F62289477D008AC477 /* Build configuration list for PBXNativeTarget "FirstDemoOC" */ = {
			isa = XCConfigurationList;
			buildConfigurations = (
				FA1AF7F72289477D008AC477 /* Debug */,
				FA1AF7F82289477D008AC477 /* Release */,
			);
			defaultConfigurationIsVisible = 0;
			defaultConfigurationName = Release;
		};
		FA1AF7F92289477D008AC477 /* Build configuration list for PBXNativeTarget "FirstDemoOCTests" */ = {
			isa = XCConfigurationList;
			buildConfigurations = (
				FA1AF7FA2289477D008AC477 /* Debug */,
				FA1AF7FB2289477D008AC477 /* Release */,
			);
			defaultConfigurationIsVisible = 0;
			defaultConfigurationName = Release;
		};
		FA1AF7FC2289477D008AC477 /* Build configuration list for PBXNativeTarget "FirstDemoOCUITests" */ = {
			isa = XCConfigurationList;
			buildConfigurations = (
				FA1AF7FD2289477D008AC477 /* Debug */,
				FA1AF7FE2289477D008AC477 /* Release */,
			);
			defaultConfigurationIsVisible = 0;
			defaultConfigurationName = Release;
		};
/* End XCConfigurationList section */
	};
	rootObject = FA1AF7C22289477A008AC477 /* Project object */;
}
